
Microsoft Visual Studio Solution File, Format Version 12.00
# Visual Studio Version 16
VisualStudioVersion = 16.0.30309.148
MinimumVisualStudioVersion = 10.0.40219.1
Project("{FAE04EC0-301F-11D3-BF4B-00C04F79EFBC}") = "Part 5, If Statments", "Part 5, If Statments\Part 5, If Statments.csproj", "{F9E7EAC6-B1DA-4FA3-BC37-6409BE977DED}"
EndProject
Global
	GlobalSection(SolutionConfigurationPlatforms) = preSolution
		Debug|Any CPU = Debug|Any CPU
		Release|Any CPU = Release|Any CPU
	EndGlobalSection
	GlobalSection(ProjectConfigurationPlatforms) = postSolution
		{F9E7EAC6-B1DA-4FA3-BC37-6409BE977DED}.Debug|Any CPU.ActiveCfg = Debug|Any CPU
		{F9E7EAC6-B1DA-4FA3-BC37-6409BE977DED}.Debug|Any CPU.Build.0 = Debug|Any CPU
		{F9E7EAC6-B1DA-4FA3-BC37-6409BE977DED}.Release|Any CPU.ActiveCfg = Release|Any CPU
		{F9E7EAC6-B1DA-4FA3-BC37-6409BE977DED}.Release|Any CPU.Build.0 = Release|Any CPU
	EndGlobalSection
	GlobalSection(SolutionProperties) = preSolution
		HideSolutionNode = FALSE
	EndGlobalSection
	GlobalSection(ExtensibilityGlobals) = postSolution
		SolutionGuid = {4B617F34-2992-440A-AA67-04E7C8D65A10}
	EndGlobalSection
EndGlobal
